
Microsoft Visual Studio Solution File, Format Version 12.00
# Visual Studio Version 17
VisualStudioVersion = 17.4.33110.190
MinimumVisualStudioVersion = 10.0.40219.1
Project("{FAE04EC0-301F-11D3-BF4B-00C04F79EFBC}") = "CalculatorInfotep", "CalculatorInfotep\CalculatorInfotep.csproj", "{EC399926-D1E1-4813-8E15-88D294F8D93E}"
EndProject
Global
	GlobalSection(SolutionConfigurationPlatforms) = preSolution
		Debug|Any CPU = Debug|Any CPU
		Release|Any CPU = Release|Any CPU
	EndGlobalSection
	GlobalSection(ProjectConfigurationPlatforms) = postSolution
		{EC399926-D1E1-4813-8E15-88D294F8D93E}.Debug|Any CPU.ActiveCfg = Debug|Any CPU
		{EC399926-D1E1-4813-8E15-88D294F8D93E}.Debug|Any CPU.Build.0 = Debug|Any CPU
		{EC399926-D1E1-4813-8E15-88D294F8D93E}.Release|Any CPU.ActiveCfg = Release|Any CPU
		{EC399926-D1E1-4813-8E15-88D294F8D93E}.Release|Any CPU.Build.0 = Release|Any CPU
	EndGlobalSection
	GlobalSection(SolutionProperties) = preSolution
		HideSolutionNode = FALSE
	EndGlobalSection
	GlobalSection(ExtensibilityGlobals) = postSolution
		SolutionGuid = {7937F9C2-1B01-4802-8768-19CA5B227FC1}
	EndGlobalSection
EndGlobal
